
Microsoft Visual Studio Solution File, Format Version 12.00
# Visual Studio Version 16
VisualStudioVersion = 16.0.32126.315
MinimumVisualStudioVersion = 10.0.40219.1
Project("{FAE04EC0-301F-11D3-BF4B-00C04F79EFBC}") = "Pienn.Android", "Pienn\Pienn.Android\Pienn.Android.csproj", "{68BA87A1-0088-4FD5-8E8E-9CA6A0B5E17B}"
EndProject
Project("{FAE04EC0-301F-11D3-BF4B-00C04F79EFBC}") = "Pienn.iOS", "Pienn\Pienn.iOS\Pienn.iOS.csproj", "{83634790-00D2-4520-97D1-2DEEBF94E5E0}"
EndProject
Project("{FAE04EC0-301F-11D3-BF4B-00C04F79EFBC}") = "Pienn", "Pienn\Pienn\Pienn.csproj", "{48736B93-4994-4E0D-B719-563BC8030178}"
EndProject
Global
	GlobalSection(SolutionConfigurationPlatforms) = preSolution
		Debug|Any CPU = Debug|Any CPU
		Debug|iPhone = Debug|iPhone
		Debug|iPhoneSimulator = Debug|iPhoneSimulator
		Release|Any CPU = Release|Any CPU
		Release|iPhone = Release|iPhone
		Release|iPhoneSimulator = Release|iPhoneSimulator
	EndGlobalSection
	GlobalSection(ProjectConfigurationPlatforms) = postSolution
		{68BA87A1-0088-4FD5-8E8E-9CA6A0B5E17B}.Debug|Any CPU.ActiveCfg = Debug|Any CPU
		{68BA87A1-0088-4FD5-8E8E-9CA6A0B5E17B}.Debug|Any CPU.Build.0 = Debug|Any CPU
		{68BA87A1-0088-4FD5-8E8E-9CA6A0B5E17B}.Debug|Any CPU.Deploy.0 = Debug|Any CPU
		{68BA87A1-0088-4FD5-8E8E-9CA6A0B5E17B}.Debug|iPhone.ActiveCfg = Debug|Any CPU
		{68BA87A1-0088-4FD5-8E8E-9CA6A0B5E17B}.Debug|iPhone.Build.0 = Debug|Any CPU
		{68BA87A1-0088-4FD5-8E8E-9CA6A0B5E17B}.Debug|iPhone.Deploy.0 = Debug|Any CPU
		{68BA87A1-0088-4FD5-8E8E-9CA6A0B5E17B}.Debug|iPhoneSimulator.ActiveCfg = Debug|Any CPU
		{68BA87A1-0088-4FD5-8E8E-9CA6A0B5E17B}.Debug|iPhoneSimulator.Build.0 = Debug|Any CPU
		{68BA87A1-0088-4FD5-8E8E-9CA6A0B5E17B}.Debug|iPhoneSimulator.Deploy.0 = Debug|Any CPU
		{68BA87A1-0088-4FD5-8E8E-9CA6A0B5E17B}.Release|Any CPU.ActiveCfg = Release|Any CPU
		{68BA87A1-0088-4FD5-8E8E-9CA6A0B5E17B}.Release|Any CPU.Build.0 = Release|Any CPU
		{68BA87A1-0088-4FD5-8E8E-9CA6A0B5E17B}.Release|Any CPU.Deploy.0 = Release|Any CPU
		{68BA87A1-0088-4FD5-8E8E-9CA6A0B5E17B}.Release|iPhone.ActiveCfg = Release|Any CPU
		{68BA87A1-0088-4FD5-8E8E-9CA6A0B5E17B}.Release|iPhone.Build.0 = Release|Any CPU
		{68BA87A1-0088-4FD5-8E8E-9CA6A0B5E17B}.Release|iPhone.Deploy.0 = Release|Any CPU
		{68BA87A1-0088-4FD5-8E8E-9CA6A0B5E17B}.Release|iPhoneSimulator.ActiveCfg = Release|Any CPU
		{68BA87A1-0088-4FD5-8E8E-9CA6A0B5E17B}.Release|iPhoneSimulator.Build.0 = Release|Any CPU
		{68BA87A1-0088-4FD5-8E8E-9CA6A0B5E17B}.Release|iPhoneSimulator.Deploy.0 = Release|Any CPU
		{83634790-00D2-4520-97D1-2DEEBF94E5E0}.Debug|Any CPU.ActiveCfg = Debug|iPhone
		{83634790-00D2-4520-97D1-2DEEBF94E5E0}.Debug|Any CPU.Build.0 = Debug|iPhone
		{83634790-00D2-4520-97D1-2DEEBF94E5E0}.Debug|Any CPU.Deploy.0 = Debug|iPhone
		{83634790-00D2-4520-97D1-2DEEBF94E5E0}.Debug|iPhone.ActiveCfg = Debug|iPhone
		{83634790-00D2-4520-97D1-2DEEBF94E5E0}.Debug|iPhone.Build.0 = Debug|iPhone
		{83634790-00D2-4520-97D1-2DEEBF94E5E0}.Debug|iPhone.Deploy.0 = Debug|iPhone
		{83634790-00D2-4520-97D1-2DEEBF94E5E0}.Debug|iPhoneSimulator.ActiveCfg = Debug|iPhoneSimulator
		{83634790-00D2-4520-97D1-2DEEBF94E5E0}.Debug|iPhoneSimulator.Build.0 = Debug|iPhoneSimulator
		{83634790-00D2-4520-97D1-2DEEBF94E5E0}.Debug|iPhoneSimulator.Deploy.0 = Debug|iPhoneSimulator
		{83634790-00D2-4520-97D1-2DEEBF94E5E0}.Release|Any CPU.ActiveCfg = Release|iPhoneSimulator
		{83634790-00D2-4520-97D1-2DEEBF94E5E0}.Release|Any CPU.Build.0 = Release|iPhoneSimulator
		{83634790-00D2-4520-97D1-2DEEBF94E5E0}.Release|Any CPU.Deploy.0 = Release|iPhoneSimulator
		{83634790-00D2-4520-97D1-2DEEBF94E5E0}.Release|iPhone.ActiveCfg = Release|iPhone
		{83634790-00D2-4520-97D1-2DEEBF94E5E0}.Release|iPhone.Build.0 = Release|iPhone
		{83634790-00D2-4520-97D1-2DEEBF94E5E0}.Release|iPhone.Deploy.0 = Release|iPhone
		{83634790-00D2-4520-97D1-2DEEBF94E5E0}.Release|iPhoneSimulator.ActiveCfg = Release|iPhoneSimulator
		{83634790-00D2-4520-97D1-2DEEBF94E5E0}.Release|iPhoneSimulator.Build.0 = Release|iPhoneSimulator
		{83634790-00D2-4520-97D1-2DEEBF94E5E0}.Release|iPhoneSimulator.Deploy.0 = Release|iPhoneSimulator
		{48736B93-4994-4E0D-B719-563BC8030178}.Debug|Any CPU.ActiveCfg = Debug|Any CPU
		{48736B93-4994-4E0D-B719-563BC8030178}.Debug|Any CPU.Build.0 = Debug|Any CPU
		{48736B93-4994-4E0D-B719-563BC8030178}.Debug|Any CPU.Deploy.0 = Debug|Any CPU
		{48736B93-4994-4E0D-B719-563BC8030178}.Debug|iPhone.ActiveCfg = Debug|Any CPU
		{48736B93-4994-4E0D-B719-563BC8030178}.Debug|iPhone.Build.0 = Debug|Any CPU
		{48736B93-4994-4E0D-B719-563BC8030178}.Debug|iPhone.Deploy.0 = Debug|Any CPU
		{48736B93-4994-4E0D-B719-563BC8030178}.Debug|iPhoneSimulator.ActiveCfg = Debug|Any CPU
		{48736B93-4994-4E0D-B719-563BC8030178}.Debug|iPhoneSimulator.Build.0 = Debug|Any CPU
		{48736B93-4994-4E0D-B719-563BC8030178}.Debug|iPhoneSimulator.Deploy.0 = Debug|Any CPU
		{48736B93-4994-4E0D-B719-563BC8030178}.Release|Any CPU.ActiveCfg = Release|Any CPU
		{48736B93-4994-4E0D-B719-563BC8030178}.Release|Any CPU.Build.0 = Release|Any CPU
		{48736B93-4994-4E0D-B719-563BC8030178}.Release|Any CPU.Deploy.0 = Release|Any CPU
		{48736B93-4994-4E0D-B719-563BC8030178}.Release|iPhone.ActiveCfg = Release|Any CPU
		{48736B93-4994-4E0D-B719-563BC8030178}.Release|iPhone.Build.0 = Release|Any CPU
		{48736B93-4994-4E0D-B719-563BC8030178}.Release|iPhone.Deploy.0 = Release|Any CPU
		{48736B93-4994-4E0D-B719-563BC8030178}.Release|iPhoneSimulator.ActiveCfg = Release|Any CPU
		{48736B93-4994-4E0D-B719-563BC8030178}.Release|iPhoneSimulator.Build.0 = Release|Any CPU
		{48736B93-4994-4E0D-B719-563BC8030178}.Release|iPhoneSimulator.Deploy.0 = Release|Any CPU
	EndGlobalSection
	GlobalSection(SolutionProperties) = preSolution
		HideSolutionNode = FALSE
	EndGlobalSection
	GlobalSection(ExtensibilityGlobals) = postSolution
		SolutionGuid = {FE94ADE1-E529-47B5-B8FA-F24607B04F60}
	EndGlobalSection
EndGlobal
